
Microsoft Visual Studio Solution File, Format Version 12.00
# Visual Studio Version 16
VisualStudioVersion = 16.0.30309.148
MinimumVisualStudioVersion = 10.0.40219.1
Project("{FAE04EC0-301F-11D3-BF4B-00C04F79EFBC}") = "StockyFacturacionFabricaAutomotriz", "StockyFacturacionFabricaAutomotriz.csproj", "{6F4D30AE-B3B1-43EE-88FB-32595A2D3E0B}"
EndProject
Global
	GlobalSection(SolutionConfigurationPlatforms) = preSolution
		Debug|Any CPU = Debug|Any CPU
		Release|Any CPU = Release|Any CPU
	EndGlobalSection
	GlobalSection(ProjectConfigurationPlatforms) = postSolution
		{6F4D30AE-B3B1-43EE-88FB-32595A2D3E0B}.Debug|Any CPU.ActiveCfg = Debug|Any CPU
		{6F4D30AE-B3B1-43EE-88FB-32595A2D3E0B}.Debug|Any CPU.Build.0 = Debug|Any CPU
		{6F4D30AE-B3B1-43EE-88FB-32595A2D3E0B}.Release|Any CPU.ActiveCfg = Release|Any CPU
		{6F4D30AE-B3B1-43EE-88FB-32595A2D3E0B}.Release|Any CPU.Build.0 = Release|Any CPU
	EndGlobalSection
	GlobalSection(SolutionProperties) = preSolution
		HideSolutionNode = FALSE
	EndGlobalSection
	GlobalSection(ExtensibilityGlobals) = postSolution
		SolutionGuid = {6962EC60-6909-494E-80F4-3FE97C3FAEC3}
	EndGlobalSection
EndGlobal
